
Microsoft Visual Studio Solution File, Format Version 12.00
# Visual Studio Version 17
VisualStudioVersion = 17.0.31903.59
MinimumVisualStudioVersion = 10.0.40219.1
Project("{2150E333-8FDC-42A3-9474-1A3956D46DE8}") = "src", "src", "{827E0CD3-B72D-47B6-A68D-7590B98EB39B}"
EndProject
Project("{FAE04EC0-301F-11D3-BF4B-00C04F79EFBC}") = "Pruny.Core", "src\Pruny.Core\Pruny.Core.csproj", "{1369581E-9FCD-472D-844B-AE47110DA2FF}"
EndProject
Project("{2150E333-8FDC-42A3-9474-1A3956D46DE8}") = "tests", "tests", "{0AB3BF05-4346-4AA6-1389-037BE0695223}"
EndProject
Project("{FAE04EC0-301F-11D3-BF4B-00C04F79EFBC}") = "Pruny.Core.Tests", "tests\Pruny.Core.Tests\Pruny.Core.Tests.csproj", "{A614938B-5C50-44AE-94EC-06A388611FEC}"
EndProject
Project("{FAE04EC0-301F-11D3-BF4B-00C04F79EFBC}") = "Pruny.Library", "src\Pruny.Library\Pruny.Library.csproj", "{90CA1BF4-6949-4C30-B480-6FC36AE2166F}"
EndProject
Project("{FAE04EC0-301F-11D3-BF4B-00C04F79EFBC}") = "Pruny.Library.Tests", "tests\Pruny.Library.Tests\Pruny.Library.Tests.csproj", "{8D7A9B3F-848A-4A77-BFB0-4386EBD3C8C9}"
EndProject
Project("{FAE04EC0-301F-11D3-BF4B-00C04F79EFBC}") = "Pruny.MarketAPIFetch", "src\Pruny.MarketAPIFetch\Pruny.MarketAPIFetch.csproj", "{94D77577-3F64-4DFF-A407-0274D1C356ED}"
EndProject
Project("{FAE04EC0-301F-11D3-BF4B-00C04F79EFBC}") = "Pruny.MarketAPIFetch.Tests", "tests\Pruny.MarketAPIFetch.Tests\Pruny.MarketAPIFetch.Tests.csproj", "{A6267045-1B81-45E3-92B0-CA66A0B9FD96}"
EndProject
Global
	GlobalSection(SolutionConfigurationPlatforms) = preSolution
		Debug|Any CPU = Debug|Any CPU
		Debug|x64 = Debug|x64
		Debug|x86 = Debug|x86
		Release|Any CPU = Release|Any CPU
		Release|x64 = Release|x64
		Release|x86 = Release|x86
	EndGlobalSection
	GlobalSection(ProjectConfigurationPlatforms) = postSolution
		{1369581E-9FCD-472D-844B-AE47110DA2FF}.Debug|Any CPU.ActiveCfg = Debug|Any CPU
		{1369581E-9FCD-472D-844B-AE47110DA2FF}.Debug|Any CPU.Build.0 = Debug|Any CPU
		{1369581E-9FCD-472D-844B-AE47110DA2FF}.Debug|x64.ActiveCfg = Debug|Any CPU
		{1369581E-9FCD-472D-844B-AE47110DA2FF}.Debug|x64.Build.0 = Debug|Any CPU
		{1369581E-9FCD-472D-844B-AE47110DA2FF}.Debug|x86.ActiveCfg = Debug|Any CPU
		{1369581E-9FCD-472D-844B-AE47110DA2FF}.Debug|x86.Build.0 = Debug|Any CPU
		{1369581E-9FCD-472D-844B-AE47110DA2FF}.Release|Any CPU.ActiveCfg = Release|Any CPU
		{1369581E-9FCD-472D-844B-AE47110DA2FF}.Release|Any CPU.Build.0 = Release|Any CPU
		{1369581E-9FCD-472D-844B-AE47110DA2FF}.Release|x64.ActiveCfg = Release|Any CPU
		{1369581E-9FCD-472D-844B-AE47110DA2FF}.Release|x64.Build.0 = Release|Any CPU
		{1369581E-9FCD-472D-844B-AE47110DA2FF}.Release|x86.ActiveCfg = Release|Any CPU
		{1369581E-9FCD-472D-844B-AE47110DA2FF}.Release|x86.Build.0 = Release|Any CPU
		{A614938B-5C50-44AE-94EC-06A388611FEC}.Debug|Any CPU.ActiveCfg = Debug|Any CPU
		{A614938B-5C50-44AE-94EC-06A388611FEC}.Debug|Any CPU.Build.0 = Debug|Any CPU
		{A614938B-5C50-44AE-94EC-06A388611FEC}.Debug|x64.ActiveCfg = Debug|Any CPU
		{A614938B-5C50-44AE-94EC-06A388611FEC}.Debug|x64.Build.0 = Debug|Any CPU
		{A614938B-5C50-44AE-94EC-06A388611FEC}.Debug|x86.ActiveCfg = Debug|Any CPU
		{A614938B-5C50-44AE-94EC-06A388611FEC}.Debug|x86.Build.0 = Debug|Any CPU
		{A614938B-5C50-44AE-94EC-06A388611FEC}.Release|Any CPU.ActiveCfg = Release|Any CPU
		{A614938B-5C50-44AE-94EC-06A388611FEC}.Release|Any CPU.Build.0 = Release|Any CPU
		{A614938B-5C50-44AE-94EC-06A388611FEC}.Release|x64.ActiveCfg = Release|Any CPU
		{A614938B-5C50-44AE-94EC-06A388611FEC}.Release|x64.Build.0 = Release|Any CPU
		{A614938B-5C50-44AE-94EC-06A388611FEC}.Release|x86.ActiveCfg = Release|Any CPU
		{A614938B-5C50-44AE-94EC-06A388611FEC}.Release|x86.Build.0 = Release|Any CPU
		{90CA1BF4-6949-4C30-B480-6FC36AE2166F}.Debug|Any CPU.ActiveCfg = Debug|Any CPU
		{90CA1BF4-6949-4C30-B480-6FC36AE2166F}.Debug|Any CPU.Build.0 = Debug|Any CPU
		{90CA1BF4-6949-4C30-B480-6FC36AE2166F}.Debug|x64.ActiveCfg = Debug|Any CPU
		{90CA1BF4-6949-4C30-B480-6FC36AE2166F}.Debug|x64.Build.0 = Debug|Any CPU
		{90CA1BF4-6949-4C30-B480-6FC36AE2166F}.Debug|x86.ActiveCfg = Debug|Any CPU
		{90CA1BF4-6949-4C30-B480-6FC36AE2166F}.Debug|x86.Build.0 = Debug|Any CPU
		{90CA1BF4-6949-4C30-B480-6FC36AE2166F}.Release|Any CPU.ActiveCfg = Release|Any CPU
		{90CA1BF4-6949-4C30-B480-6FC36AE2166F}.Release|Any CPU.Build.0 = Release|Any CPU
		{90CA1BF4-6949-4C30-B480-6FC36AE2166F}.Release|x64.ActiveCfg = Release|Any CPU
		{90CA1BF4-6949-4C30-B480-6FC36AE2166F}.Release|x64.Build.0 = Release|Any CPU
		{90CA1BF4-6949-4C30-B480-6FC36AE2166F}.Release|x86.ActiveCfg = Release|Any CPU
		{90CA1BF4-6949-4C30-B480-6FC36AE2166F}.Release|x86.Build.0 = Release|Any CPU
		{8D7A9B3F-848A-4A77-BFB0-4386EBD3C8C9}.Debug|Any CPU.ActiveCfg = Debug|Any CPU
		{8D7A9B3F-848A-4A77-BFB0-4386EBD3C8C9}.Debug|Any CPU.Build.0 = Debug|Any CPU
		{8D7A9B3F-848A-4A77-BFB0-4386EBD3C8C9}.Debug|x64.ActiveCfg = Debug|Any CPU
		{8D7A9B3F-848A-4A77-BFB0-4386EBD3C8C9}.Debug|x64.Build.0 = Debug|Any CPU
		{8D7A9B3F-848A-4A77-BFB0-4386EBD3C8C9}.Debug|x86.ActiveCfg = Debug|Any CPU
		{8D7A9B3F-848A-4A77-BFB0-4386EBD3C8C9}.Debug|x86.Build.0 = Debug|Any CPU
		{8D7A9B3F-848A-4A77-BFB0-4386EBD3C8C9}.Release|Any CPU.ActiveCfg = Release|Any CPU
		{8D7A9B3F-848A-4A77-BFB0-4386EBD3C8C9}.Release|Any CPU.Build.0 = Release|Any CPU
		{8D7A9B3F-848A-4A77-BFB0-4386EBD3C8C9}.Release|x64.ActiveCfg = Release|Any CPU
		{8D7A9B3F-848A-4A77-BFB0-4386EBD3C8C9}.Release|x64.Build.0 = Release|Any CPU
		{8D7A9B3F-848A-4A77-BFB0-4386EBD3C8C9}.Release|x86.ActiveCfg = Release|Any CPU
		{8D7A9B3F-848A-4A77-BFB0-4386EBD3C8C9}.Release|x86.Build.0 = Release|Any CPU
		{94D77577-3F64-4DFF-A407-0274D1C356ED}.Debug|Any CPU.ActiveCfg = Debug|Any CPU
		{94D77577-3F64-4DFF-A407-0274D1C356ED}.Debug|Any CPU.Build.0 = Debug|Any CPU
		{94D77577-3F64-4DFF-A407-0274D1C356ED}.Debug|x64.ActiveCfg = Debug|Any CPU
		{94D77577-3F64-4DFF-A407-0274D1C356ED}.Debug|x64.Build.0 = Debug|Any CPU
		{94D77577-3F64-4DFF-A407-0274D1C356ED}.Debug|x86.ActiveCfg = Debug|Any CPU
		{94D77577-3F64-4DFF-A407-0274D1C356ED}.Debug|x86.Build.0 = Debug|Any CPU
		{94D77577-3F64-4DFF-A407-0274D1C356ED}.Release|Any CPU.ActiveCfg = Release|Any CPU
		{94D77577-3F64-4DFF-A407-0274D1C356ED}.Release|Any CPU.Build.0 = Release|Any CPU
		{94D77577-3F64-4DFF-A407-0274D1C356ED}.Release|x64.ActiveCfg = Release|Any CPU
		{94D77577-3F64-4DFF-A407-0274D1C356ED}.Release|x64.Build.0 = Release|Any CPU
		{94D77577-3F64-4DFF-A407-0274D1C356ED}.Release|x86.ActiveCfg = Release|Any CPU
		{94D77577-3F64-4DFF-A407-0274D1C356ED}.Release|x86.Build.0 = Release|Any CPU
		{A6267045-1B81-45E3-92B0-CA66A0B9FD96}.Debug|Any CPU.ActiveCfg = Debug|Any CPU
		{A6267045-1B81-45E3-92B0-CA66A0B9FD96}.Debug|Any CPU.Build.0 = Debug|Any CPU
		{A6267045-1B81-45E3-92B0-CA66A0B9FD96}.Debug|x64.ActiveCfg = Debug|Any CPU
		{A6267045-1B81-45E3-92B0-CA66A0B9FD96}.Debug|x64.Build.0 = Debug|Any CPU
		{A6267045-1B81-45E3-92B0-CA66A0B9FD96}.Debug|x86.ActiveCfg = Debug|Any CPU
		{A6267045-1B81-45E3-92B0-CA66A0B9FD96}.Debug|x86.Build.0 = Debug|Any CPU
		{A6267045-1B81-45E3-92B0-CA66A0B9FD96}.Release|Any CPU.ActiveCfg = Release|Any CPU
		{A6267045-1B81-45E3-92B0-CA66A0B9FD96}.Release|Any CPU.Build.0 = Release|Any CPU
		{A6267045-1B81-45E3-92B0-CA66A0B9FD96}.Release|x64.ActiveCfg = Release|Any CPU
		{A6267045-1B81-45E3-92B0-CA66A0B9FD96}.Release|x64.Build.0 = Release|Any CPU
		{A6267045-1B81-45E3-92B0-CA66A0B9FD96}.Release|x86.ActiveCfg = Release|Any CPU
		{A6267045-1B81-45E3-92B0-CA66A0B9FD96}.Release|x86.Build.0 = Release|Any CPU
	EndGlobalSection
	GlobalSection(SolutionProperties) = preSolution
		HideSolutionNode = FALSE
	EndGlobalSection
	GlobalSection(NestedProjects) = preSolution
		{1369581E-9FCD-472D-844B-AE47110DA2FF} = {827E0CD3-B72D-47B6-A68D-7590B98EB39B}
		{A614938B-5C50-44AE-94EC-06A388611FEC} = {0AB3BF05-4346-4AA6-1389-037BE0695223}
		{90CA1BF4-6949-4C30-B480-6FC36AE2166F} = {827E0CD3-B72D-47B6-A68D-7590B98EB39B}
		{8D7A9B3F-848A-4A77-BFB0-4386EBD3C8C9} = {0AB3BF05-4346-4AA6-1389-037BE0695223}
		{94D77577-3F64-4DFF-A407-0274D1C356ED} = {827E0CD3-B72D-47B6-A68D-7590B98EB39B}
		{A6267045-1B81-45E3-92B0-CA66A0B9FD96} = {0AB3BF05-4346-4AA6-1389-037BE0695223}
	EndGlobalSection
EndGlobal
